{
  "name": "smaug",
  "version": "1.0.0",
  "lockfileVersion": 1,
  "requires": true,
  "dependencies": {
    "@tradegecko/styles": {
      "version": "git+https://github.com/tradegecko/tradegecko-assets.git#6ffb16df155d2d2b1376b16238471fae38ea9041",
      "from": "git+https://github.com/tradegecko/tradegecko-assets.git"
    },
    "bootstrap": {
      "version": "4.1.3",
      "resolved": "https://registry.npmjs.org/bootstrap/-/bootstrap-4.1.3.tgz",
      "integrity": "sha512-rDFIzgXcof0jDyjNosjv4Sno77X4KuPeFxG2XZZv1/Kc8DRVGVADdoQyyOVDwPqL36DDmtCQbrpMCqvpPLJQ0w=="
    }
  }
}
