# THIS IS AN AUTOGENERATED FILE. DO NOT EDIT THIS FILE DIRECTLY.
# yarn lockfile v1


"@tradegecko/styles@git+https://50f35d54e06c3a4dc3408924d232d16f522ab729:x-oauth-basic@github.com/tradegecko/tradegecko-assets.git":
  version "0.0.1"
  resolved "git+https://50f35d54e06c3a4dc3408924d232d16f522ab729:x-oauth-basic@github.com/tradegecko/tradegecko-assets.git#6ffb16df155d2d2b1376b16238471fae38ea9041"

bootstrap@^4.1.3:
  version "4.1.3"
  resolved "https://registry.yarnpkg.com/bootstrap/-/bootstrap-4.1.3.tgz#0eb371af2c8448e8c210411d0cb824a6409a12be"
